# THIS IS AN AUTOGENERATED FILE. DO NOT EDIT THIS FILE DIRECTLY.
# yarn lockfile v1


"@types/node@^11.9.4":
  version "11.15.20"
  resolved "https://registry.yarnpkg.com/@types/node/-/node-11.15.20.tgz#dacd63b282c1a0d40fa0ad216b7ca128afded614"
  integrity sha512-DY2QwdrBqNlsxdMehwzUtSsWHgYYPLVCAuXvOcu3wkzYmchbRunQ7OEZFOrmFoBLfA1ysz2Ypr6vtNP9WQkUaQ==

bowser@^2.10.0:
  version "2.10.0"
  resolved "https://registry.yarnpkg.com/bowser/-/bowser-2.10.0.tgz#be3736f161c4bb8b10958027ab99465d2a811198"
  integrity sha512-OCsqTQboTEWWsUjcp5jLSw2ZHsBiv2C105iFs61bOT0Hnwi9p7/uuXdd7mu8RYcarREfdjNN+8LitmEHATsLYg==

js-cookie@^2.2.1:
  version "2.2.1"
  resolved "https://registry.yarnpkg.com/js-cookie/-/js-cookie-2.2.1.tgz#69e106dc5d5806894562902aa5baec3744e9b2b8"
  integrity sha512-HvdH2LzI/EAZcUwA8+0nKNtWHqS+ZmijLA30RwZA0bo7ToCckjK5MkGhjED9KoRcXO6BaGI3I9UIzSA1FKFPOQ==

tslib@^2.0.1:
  version "2.0.1"
  resolved "https://registry.yarnpkg.com/tslib/-/tslib-2.0.1.tgz#410eb0d113e5b6356490eec749603725b021b43e"
  integrity sha512-SgIkNheinmEBgx1IUNirK0TUD4X9yjjBRTqqjggWCU3pUEqIk3/Uwl3yRixYKT6WjQuGiwDv4NomL3wqRCj+CQ==

typescript@^3.3.3:
  version "3.9.7"
  resolved "https://registry.yarnpkg.com/typescript/-/typescript-3.9.7.tgz#98d600a5ebdc38f40cb277522f12dc800e9e25fa"
  integrity sha512-BLbiRkiBzAwsjut4x/dsibSTB6yWpwT5qWmC2OfuCg3GgVQCSgMs4vEctYPhsaGtd0AeuuHMkjZ2h2WG8MSzRw==
